dependencies:
  espressif/cmake_utilities:
    component_hash: 351350613ceafba240b761b4ea991e0f231ac7a9f59a9ee901f751bddc0bb18f
    dependencies:
    - name: idf
      require: private
      version: '>=4.1'
    source:
      registry_url: https://components.espressif.com
      type: service
    version: 0.5.3
  espressif/eppp_link:
    component_hash: 04f7f31868b8ae6014c96132740a192d09611a6e46aaa7038c865ffc7e26b38f
    dependencies:
    - name: espressif/esp_serial_slave_link
      registry_url: https://components.espressif.com
      require: private
      version: ^1.1.0
    - name: idf
      require: private
      version: '>=5.2'
    source:
      registry_url: https://components.espressif.com
      type: service
    version: 1.1.5
  espressif/esp_cam_sensor:
    component_hash: db5b1c725799dced61e7b100dc027e1e59558c9973d7e1ed8ce42a5ec89da31c
    dependencies:
    - name: espressif/cmake_utilities
      registry_url: https://components.espressif.com
      require: private
      version: 0.*
    - name: espressif/esp_sccb_intf
      registry_url: https://components.espressif.com
      require: private
      version: '>=0.0.5'
    - name: idf
      require: private
      version: '>=5.3'
    source:
      registry_url: https://components.espressif.com/
      type: service
    targets:
    - esp32p4
    - esp32s3
    - esp32c3
    - esp32c5
    - esp32c6
    - esp32c61
    version: 1.7.0
  espressif/esp_codec_dev:
    component_hash: 896c67360ae1f8dedaf8a53dfe48c015317fa455f061a5165307892296990028
    dependencies:
    - name: idf
      require: private
      version: '>=4.0'
    source:
      registry_url: https://components.espressif.com/
      type: service
    version: 1.5.10
  espressif/esp_h264:
    dependencies: []
    source:
      path: E:\ESP\esp32_cam_V5\components\espressif__esp_h264
      type: local
    version: 1.0.4
  espressif/esp_hosted:
    dependencies: []
    source:
      path: E:\ESP\esp32_cam_V5\components\espressif__esp_hosted
      type: local
    version: 2.12.9
  espressif/esp_ipa:
    component_hash: 31003e536f0d26158e10d7fcf2448b6377ce1148518287d0f34ed3b6c942c6d8
    dependencies:
    - name: espressif/cmake_utilities
      registry_url: https://components.espressif.com
      require: private
      version: 0.*
    - name: idf
      require: private
      version: '>=5.4'
    source:
      registry_url: https://components.espressif.com
      type: service
    targets:
    - esp32p4
    version: 1.3.1
  espressif/esp_media_protocols:
    component_hash: 018b9729e5d80a6e1c5f5cf026d5829e56c14a4adbeeb809aa8cfa637ec8ae0c
    dependencies:
    - name: espressif/media_lib_sal
      registry_url: https://components.espressif.com
      require: private
      version: ^0.9.0
    - name: idf
      require: private
      version: '>=5.0'
    source:
      registry_url: https://components.espressif.com/
      type: service
    targets:
    - esp32
    - esp32s2
    - esp32s3
    - esp32p4
    - esp32c2
    - esp32c3
    - esp32c5
    - esp32c6
    version: 0.5.1
  espressif/esp_sccb_intf:
    component_hash: c071b189e49f40940722aea01a5489f873385cc39cd5b14012341135b85d1a9d
    dependencies:
    - name: idf
      require: private
      version: '>=5.3'
    source:
      registry_url: https://components.espressif.com
      type: service
    version: 0.0.8
  espressif/esp_serial_slave_link:
    component_hash: ac1776806de0a6e371c84e87898bb983e19ce62aa7f1e2e5c4a3b0234a575d2c
    dependencies:
    - name: idf
      require: private
      version: '>=5.0'
    source:
      registry_url: https://components.espressif.com
      type: service
    version: 1.1.2
  espressif/esp_video:
    component_hash: 2239aed49fa4eb1efdf3b0c2b95b05c03fc8b363c101bc2cd70f5e3bcd3c7cc4
    dependencies:
    - name: espressif/cmake_utilities
      registry_url: https://components.espressif.com
      require: private
      version: 0.*
    - name: espressif/esp_cam_sensor
      registry_url: https://components.espressif.com
      require: private
      version: 1.7.*
    - name: espressif/esp_h264
      registry_url: https://components.espressif.com
      require: private
      rules:
      - if: target in [esp32p4]
      version: 1.0.4
    - name: espressif/esp_ipa
      registry_url: https://components.espressif.com
      require: private
      rules:
      - if: target in [esp32p4]
      version: 1.3.*
    - name: idf
      require: private
      version: '>=5.4'
    - name: espressif/usb_host_uvc
      registry_url: https://components.espressif.com
      require: private
      rules:
      - if: target in [esp32p4, esp32s3]
      version: 2.4.*
    source:
      registry_url: https://components.espressif.com/
      type: service
    targets:
    - esp32p4
    - esp32s3
    - esp32c3
    - esp32c5
    - esp32c6
    - esp32c61
    version: 1.4.1
  espressif/esp_wifi_remote:
    dependencies: []
    source:
      path: E:\ESP\esp32_cam_V5\components\espressif__esp_wifi_remote
      type: local
    version: 1.6.1
  espressif/mdns:
    component_hash: 291732b5df4d181eb75eba9042799a508c4c124503a0c0573132a0a48d2e3fbe
    dependencies:
    - name: idf
      require: private
      version: '>=5.0'
    source:
      registry_url: https://components.espressif.com/
      type: service
    version: 1.11.2
  espressif/media_lib_sal:
    component_hash: ab439aa852ecde6f2510a755045eac0cad8a540f1c76096d4d08fdcf4e7753c2
    dependencies:
    - name: idf
      require: private
      version: '>=5.1'
    source:
      registry_url: https://components.espressif.com/
      type: service
    version: 0.9.3
  espressif/usb_host_uvc:
    component_hash: f20c4e4dea50536e2e29daaf589b5f5984402284c155867daef27d6b64869f78
    dependencies:
    - name: idf
      require: private
      version: '>=5.0'
    - name: espressif/usb
      registry_url: https://components.espressif.com
      require: public
      rules:
      - if: idf_version >=6.0
      - if: target not in ["linux"]
      version: ^1.0.0
    source:
      registry_url: https://components.espressif.com
      type: service
    targets:
    - esp32s2
    - esp32s3
    - esp32p4
    - esp32h4
    - linux
    version: 2.4.2
  espressif/wifi_remote_over_eppp:
    component_hash: 06d8bc15348bbd21f1390daace36ed5adcf6026c93c5b69decc55fa04df2711a
    dependencies:
    - name: idf
      require: private
      version: '>=5.3'
    - name: espressif/eppp_link
      registry_url: https://components.espressif.com
      require: private
      version: '>=0.1'
    source:
      registry_url: https://components.espressif.com/
      type: service
    version: 0.3.2
  idf:
    source:
      type: idf
    version: 5.5.4
direct_dependencies:
- espressif/esp_cam_sensor
- espressif/esp_codec_dev
- espressif/esp_hosted
- espressif/esp_media_protocols
- espressif/esp_video
- espressif/esp_wifi_remote
- espressif/mdns
- espressif/media_lib_sal
- espressif/wifi_remote_over_eppp
- idf
manifest_hash: eb4337698ef2f94a2a5fed1bc201817c12155138c033a0fff52d3ff7e67ed0d3
target: esp32p4
version: 2.0.0
